
Microsoft Visual Studio Solution File, Format Version 12.00
# Visual Studio Version 17
VisualStudioVersion = 17.5.002.0
MinimumVisualStudioVersion = 10.0.40219.1
Project("{9A19103F-16F7-4668-BE54-9A1E7A4F7556}") = "DesafioPOO", "DesafioPOO.csproj", "{6CE86611-0E49-4727-BE68-BA4E60669026}"
EndProject
Global
	GlobalSection(SolutionConfigurationPlatforms) = preSolution
		Debug|Any CPU = Debug|Any CPU
		Release|Any CPU = Release|Any CPU
	EndGlobalSection
	GlobalSection(ProjectConfigurationPlatforms) = postSolution
		{6CE86611-0E49-4727-BE68-BA4E60669026}.Debug|Any CPU.ActiveCfg = Debug|Any CPU
		{6CE86611-0E49-4727-BE68-BA4E60669026}.Debug|Any CPU.Build.0 = Debug|Any CPU
		{6CE86611-0E49-4727-BE68-BA4E60669026}.Release|Any CPU.ActiveCfg = Release|Any CPU
		{6CE86611-0E49-4727-BE68-BA4E60669026}.Release|Any CPU.Build.0 = Release|Any CPU
	EndGlobalSection
	GlobalSection(SolutionProperties) = preSolution
		HideSolutionNode = FALSE
	EndGlobalSection
	GlobalSection(ExtensibilityGlobals) = postSolution
		SolutionGuid = {3FD0B0AB-AA19-45D7-9B44-A0FA02A72016}
	EndGlobalSection
EndGlobal
